
Microsoft Visual Studio Solution File, Format Version 12.00
# Visual Studio 15
VisualStudioVersion = 15.0.28010.2016
MinimumVisualStudioVersion = 10.0.40219.1
Project("{FAE04EC0-301F-11D3-BF4B-00C04F79EFBC}") = "SendiT", "SendiT\SendiT.csproj", "{A33E6360-41B3-4613-ABB1-93B834F85A8D}"
EndProject
Global
	GlobalSection(SolutionConfigurationPlatforms) = preSolution
		Debug|Any CPU = Debug|Any CPU
		Release|Any CPU = Release|Any CPU
	EndGlobalSection
	GlobalSection(ProjectConfigurationPlatforms) = postSolution
		{A33E6360-41B3-4613-ABB1-93B834F85A8D}.Debug|Any CPU.ActiveCfg = Debug|Any CPU
		{A33E6360-41B3-4613-ABB1-93B834F85A8D}.Debug|Any CPU.Build.0 = Debug|Any CPU
		{A33E6360-41B3-4613-ABB1-93B834F85A8D}.Release|Any CPU.ActiveCfg = Release|Any CPU
		{A33E6360-41B3-4613-ABB1-93B834F85A8D}.Release|Any CPU.Build.0 = Release|Any CPU
	EndGlobalSection
	GlobalSection(SolutionProperties) = preSolution
		HideSolutionNode = FALSE
	EndGlobalSection
	GlobalSection(ExtensibilityGlobals) = postSolution
		SolutionGuid = {A2017362-A105-4455-8330-5C2DBF9F331E}
	EndGlobalSection
EndGlobal
